// !$*UTF8*$!
{
	archiveVersion = 1;
	classes = {
	};
	objectVersion = 50;
	objects = {

/* Begin PBXBuildFile section */
		6A4390EE252F62CA000D602C /* AppDelegate.swift in Sources */ = {isa = PBXBuildFile; fileRef = 6A4390ED252F62CA000D602C /* AppDelegate.swift */; };
		6A4390F0252F62CA000D602C /* ViewController.swift in Sources */ = {isa = PBXBuildFile; fileRef = 6A4390EF252F62CA000D602C /* ViewController.swift */; };
		6A4390F2252F62CC000D602C /* Assets.xcassets in Resources */ = {isa = PBXBuildFile; fileRef = 6A4390F1252F62CC000D602C /* Assets.xcassets */; };
		6A4390F5252F62CC000D602C /* Main.storyboard in Resources */ = {isa = PBXBuildFile; fileRef = 6A4390F3252F62CC000D602C /* Main.storyboard */; };
		6A839E1425384F9300CF16B6 /* Extensions.swift in Sources */ = {isa = PBXBuildFile; fileRef = 6A839E1325384F9300CF16B6 /* Extensions.swift */; };
		6AB53C85252FDE5F00FECF7C /* SKContainerNode.swift in Sources */ = {isa = PBXBuildFile; fileRef = 6AB53C84252FDE5F00FECF7C /* SKContainerNode.swift */; };
/* End PBXBuildFile section */

/* Begin PBXFileReference section */
		6A4390EA252F62CA000D602C /* Visual_Fractals.app */ = {isa = PBXFileReference; explicitFileType = wrapper.application; includeInIndex = 0; path = Visual_Fractals.app; sourceTree = BUILT_PRODUCTS_DIR; };
		6A4390ED252F62CA000D602C /* AppDelegate.swift */ = {isa = PBXFileReference; lastKnownFileType = sourcecode.swift; path = AppDelegate.swift; sourceTree = "<group>"; };
		6A4390EF252F62CA000D602C /* ViewController.swift */ = {isa = PBXFileReference; lastKnownFileType = sourcecode.swift; path = ViewController.swift; sourceTree = "<group>"; };
		6A4390F1252F62CC000D602C /* Assets.xcassets */ = {isa = PBXFileReference; lastKnownFileType = folder.assetcatalog; path = Assets.xcassets; sourceTree = "<group>"; };
		6A4390F4252F62CC000D602C /* Base */ = {isa = PBXFileReference; lastKnownFileType = file.storyboard; name = Base; path = Base.lproj/Main.storyboard; sourceTree = "<group>"; };
		6A4390F6252F62CC000D602C /* Info.plist */ = {isa = PBXFileReference; lastKnownFileType = text.plist.xml; path = Info.plist; sourceTree = "<group>"; };
		6A4390F7252F62CC000D602C /* Visual_Fractals.entitlements */ = {isa = PBXFileReference; lastKnownFileType = text.plist.entitlements; path = Visual_Fractals.entitlements; sourceTree = "<group>"; };
		6A839E1325384F9300CF16B6 /* Extensions.swift */ = {isa = PBXFileReference; lastKnownFileType = sourcecode.swift; path = Extensions.swift; sourceTree = "<group>"; };
		6AB53C84252FDE5F00FECF7C /* SKContainerNode.swift */ = {isa = PBXFileReference; lastKnownFileType = sourcecode.swift; path = SKContainerNode.swift; sourceTree = "<group>"; };
/* End PBXFileReference section */

/* Begin PBXFrameworksBuildPhase section */
		6A4390E7252F62CA000D602C /* Frameworks */ = {
			isa = PBXFrameworksBuildPhase;
			buildActionMask = 2147483647;
			files = (
			);
			runOnlyForDeploymentPostprocessing = 0;
		};
/* End PBXFrameworksBuildPhase section */

/* Begin PBXGroup section */
		6A4390E1252F62CA000D602C = {
			isa = PBXGroup;
			children = (
				6A4390EC252F62CA000D602C /* Visual_Fractals */,
				6A4390EB252F62CA000D602C /* Products */,
			);
			sourceTree = "<group>";
		};
		6A4390EB252F62CA000D602C /* Products */ = {
			isa = PBXGroup;
			children = (
				6A4390EA252F62CA000D602C /* Visual_Fractals.app */,
			);
			name = Products;
			sourceTree = "<group>";
		};
		6A4390EC252F62CA000D602C /* Visual_Fractals */ = {
			isa = PBXGroup;
			children = (
				6A4390ED252F62CA000D602C /* AppDelegate.swift */,
				6A4390EF252F62CA000D602C /* ViewController.swift */,
				6AB53C84252FDE5F00FECF7C /* SKContainerNode.swift */,
				6A839E1325384F9300CF16B6 /* Extensions.swift */,
				6A4390F1252F62CC000D602C /* Assets.xcassets */,
				6A4390F3252F62CC000D602C /* Main.storyboard */,
				6A4390F6252F62CC000D602C /* Info.plist */,
				6A4390F7252F62CC000D602C /* Visual_Fractals.entitlements */,
			);
			path = Visual_Fractals;
			sourceTree = "<group>";
		};
/* End PBXGroup section */

/* Begin PBXNativeTarget section */
		6A4390E9252F62CA000D602C /* Visual_Fractals */ = {
			isa = PBXNativeTarget;
			buildConfigurationList = 6A4390FA252F62CC000D602C /* Build configuration list for PBXNativeTarget "Visual_Fractals" */;
			buildPhases = (
				6A4390E6252F62CA000D602C /* Sources */,
				6A4390E7252F62CA000D602C /* Frameworks */,
				6A4390E8252F62CA000D602C /* Resources */,
			);
			buildRules = (
			);
			dependencies = (
			);
			name = Visual_Fractals;
			productName = Visual_Fractals;
			productReference = 6A4390EA252F62CA000D602C /* Visual_Fractals.app */;
			productType = "com.apple.product-type.application";
		};
/* End PBXNativeTarget section */

/* Begin PBXProject section */
		6A4390E2252F62CA000D602C /* Project object */ = {
			isa = PBXProject;
			attributes = {
				LastSwiftUpdateCheck = 1200;
				LastUpgradeCheck = 1200;
				TargetAttributes = {
					6A4390E9252F62CA000D602C = {
						CreatedOnToolsVersion = 12.0.1;
					};
				};
			};
			buildConfigurationList = 6A4390E5252F62CA000D602C /* Build configuration list for PBXProject "Visual_Fractals" */;
			compatibilityVersion = "Xcode 9.3";
			developmentRegion = en;
			hasScannedForEncodings = 0;
			knownRegions = (
				en,
				Base,
			);
			mainGroup = 6A4390E1252F62CA000D602C;
			productRefGroup = 6A4390EB252F62CA000D602C /* Products */;
			projectDirPath = "";
			projectRoot = "";
			targets = (
				6A4390E9252F62CA000D602C /* Visual_Fractals */,
			);
		};
/* End PBXProject section */

/* Begin PBXResourcesBuildPhase section */
		6A4390E8252F62CA000D602C /* Resources */ = {
			isa = PBXResourcesBuildPhase;
			buildActionMask = 2147483647;
			files = (
				6A4390F2252F62CC000D602C /* Assets.xcassets in Resources */,
				6A4390F5252F62CC000D602C /* Main.storyboard in Resources */,
			);
			runOnlyForDeploymentPostprocessing = 0;
		};
/* End PBXResourcesBuildPhase section */

/* Begin PBXSourcesBuildPhase section */
		6A4390E6252F62CA000D602C /* Sources */ = {
			isa = PBXSourcesBuildPhase;
			buildActionMask = 2147483647;
			files = (
				6A4390F0252F62CA000D602C /* ViewController.swift in Sources */,
				6A4390EE252F62CA000D602C /* AppDelegate.swift in Sources */,
				6AB53C85252FDE5F00FECF7C /* SKContainerNode.swift in Sources */,
				6A839E1425384F9300CF16B6 /* Extensions.swift in Sources */,
			);
			runOnlyForDeploymentPostprocessing = 0;
		};
/* End PBXSourcesBuildPhase section */

/* Begin PBXVariantGroup section */
		6A4390F3252F62CC000D602C /* Main.storyboard */ = {
			isa = PBXVariantGroup;
			children = (
				6A4390F4252F62CC000D602C /* Base */,
			);
			name = Main.storyboard;
			sourceTree = "<group>";
		};
/* End PBXVariantGroup section */

/* Begin XCBuildConfiguration section */
		6A4390F8252F62CC000D602C /* Debug */ = {
			isa = XCBuildConfiguration;
			buildSettings = {
				ALWAYS_SEARCH_USER_PATHS = NO;
				CLANG_ANALYZER_NONNULL = YES;
				CLANG_ANALYZER_NUMBER_OBJECT_CONVERSION = YES_AGGRESSIVE;
				CLANG_CXX_LANGUAGE_STANDARD = "gnu++14";
				CLANG_CXX_LIBRARY = "libc++";
				CLANG_ENABLE_MODULES = YES;
				CLANG_ENABLE_OBJC_ARC = YES;
				CLANG_ENABLE_OBJC_WEAK = YES;
				CLANG_WARN_BLOCK_CAPTURE_AUTORELEASING = YES;
				CLANG_WARN_BOOL_CONVERSION = YES;
				CLANG_WARN_COMMA = YES;
				CLANG_WARN_CONSTANT_CONVERSION = YES;
				CLANG_WARN_DEPRECATED_OBJC_IMPLEMENTATIONS = YES;
				CLANG_WARN_DIRECT_OBJC_ISA_USAGE = YES_ERROR;
				CLANG_WARN_DOCUMENTATION_COMMENTS = YES;
				CLANG_WARN_EMPTY_BODY = YES;
				CLANG_WARN_ENUM_CONVERSION = YES;
				CLANG_WARN_INFINITE_RECURSION = YES;
				CLANG_WARN_INT_CONVERSION = YES;
				CLANG_WARN_NON_LITERAL_NULL_CONVERSION = YES;
				CLANG_WARN_OBJC_IMPLICIT_RETAIN_SELF = YES;
				CLANG_WARN_OBJC_LITERAL_CONVERSION = YES;
				CLANG_WARN_OBJC_ROOT_CLASS = YES_ERROR;
				CLANG_WARN_QUOTED_INCLUDE_IN_FRAMEWORK_HEADER = YES;
				CLANG_WARN_RANGE_LOOP_ANALYSIS = YES;
				CLANG_WARN_STRICT_PROTOTYPES = YES;
				CLANG_WARN_SUSPICIOUS_MOVE = YES;
				CLANG_WARN_UNGUARDED_AVAILABILITY = YES_AGGRESSIVE;
				CLANG_WARN_UNREACHABLE_CODE = YES;
				CLANG_WARN__DUPLICATE_METHOD_MATCH = YES;
				COPY_PHASE_STRIP = NO;
				DEBUG_INFORMATION_FORMAT = dwarf;
				ENABLE_STRICT_OBJC_MSGSEND = YES;
				ENABLE_TESTABILITY = YES;
				GCC_C_LANGUAGE_STANDARD = gnu11;
				GCC_DYNAMIC_NO_PIC = NO;
				GCC_NO_COMMON_BLOCKS = YES;
				GCC_OPTIMIZATION_LEVEL = 0;
				GCC_PREPROCESSOR_DEFINITIONS = (
					"DEBUG=1",
					"$(inherited)",
				);
				GCC_WARN_64_TO_32_BIT_CONVERSION = YES;
				GCC_WARN_ABOUT_RETURN_TYPE = YES_ERROR;
				GCC_WARN_UNDECLARED_SELECTOR = YES;
				GCC_WARN_UNINITIALIZED_AUTOS = YES_AGGRESSIVE;
				GCC_WARN_UNUSED_FUNCTION = YES;
				GCC_WARN_UNUSED_VARIABLE = YES;
				MACOSX_DEPLOYMENT_TARGET = 10.15;
				MTL_ENABLE_DEBUG_INFO = INCLUDE_SOURCE;
				MTL_FAST_MATH = YES;
				ONLY_ACTIVE_ARCH = YES;
				SDKROOT = macosx;
				SWIFT_ACTIVE_COMPILATION_CONDITIONS = DEBUG;
				SWIFT_OPTIMIZATION_LEVEL = "-Onone";
			};
			name = Debug;
		};
		6A4390F9252F62CC000D602C /* Release */ = {
			isa = XCBuildConfiguration;
			buildSettings = {
				ALWAYS_SEARCH_USER_PATHS = NO;
				CLANG_ANALYZER_NONNULL = YES;
				CLANG_ANALYZER_NUMBER_OBJECT_CONVERSION = YES_AGGRESSIVE;
				CLANG_CXX_LANGUAGE_STANDARD = "gnu++14";
				CLANG_CXX_LIBRARY = "libc++";
				CLANG_ENABLE_MODULES = YES;
				CLANG_ENABLE_OBJC_ARC = YES;
				CLANG_ENABLE_OBJC_WEAK = YES;
				CLANG_WARN_BLOCK_CAPTURE_AUTORELEASING = YES;
				CLANG_WARN_BOOL_CONVERSION = YES;
				CLANG_WARN_COMMA = YES;
				CLANG_WARN_CONSTANT_CONVERSION = YES;
				CLANG_WARN_DEPRECATED_OBJC_IMPLEMENTATIONS = YES;
				CLANG_WARN_DIRECT_OBJC_ISA_USAGE = YES_ERROR;
				CLANG_WARN_DOCUMENTATION_COMMENTS = YES;
				CLANG_WARN_EMPTY_BODY = YES;
				CLANG_WARN_ENUM_CONVERSION = YES;
				CLANG_WARN_INFINITE_RECURSION = YES;
				CLANG_WARN_INT_CONVERSION = YES;
				CLANG_WARN_NON_LITERAL_NULL_CONVERSION = YES;
				CLANG_WARN_OBJC_IMPLICIT_RETAIN_SELF = YES;
				CLANG_WARN_OBJC_LITERAL_CONVERSION = YES;
				CLANG_WARN_OBJC_ROOT_CLASS = YES_ERROR;
				CLANG_WARN_QUOTED_INCLUDE_IN_FRAMEWORK_HEADER = YES;
				CLANG_WARN_RANGE_LOOP_ANALYSIS = YES;
				CLANG_WARN_STRICT_PROTOTYPES = YES;
				CLANG_WARN_SUSPICIOUS_MOVE = YES;
				CLANG_WARN_UNGUARDED_AVAILABILITY = YES_AGGRESSIVE;
				CLANG_WARN_UNREACHABLE_CODE = YES;
				CLANG_WARN__DUPLICATE_METHOD_MATCH = YES;
				COPY_PHASE_STRIP = NO;
				DEBUG_INFORMATION_FORMAT = "dwarf-with-dsym";
				ENABLE_NS_ASSERTIONS = NO;
				ENABLE_STRICT_OBJC_MSGSEND = YES;
				GCC_C_LANGUAGE_STANDARD = gnu11;
				GCC_NO_COMMON_BLOCKS = YES;
				GCC_WARN_64_TO_32_BIT_CONVERSION = YES;
				GCC_WARN_ABOUT_RETURN_TYPE = YES_ERROR;
				GCC_WARN_UNDECLARED_SELECTOR = YES;
				GCC_WARN_UNINITIALIZED_AUTOS = YES_AGGRESSIVE;
				GCC_WARN_UNUSED_FUNCTION = YES;
				GCC_WARN_UNUSED_VARIABLE = YES;
				MACOSX_DEPLOYMENT_TARGET = 10.15;
				MTL_ENABLE_DEBUG_INFO = NO;
				MTL_FAST_MATH = YES;
				SDKROOT = macosx;
				SWIFT_COMPILATION_MODE = wholemodule;
				SWIFT_OPTIMIZATION_LEVEL = "-O";
			};
			name = Release;
		};
		6A4390FB252F62CC000D602C /* Debug */ = {
			isa = XCBuildConfiguration;
			buildSettings = {
				ASSETCATALOG_COMPILER_APPICON_NAME = AppIcon;
				ASSETCATALOG_COMPILER_GLOBAL_ACCENT_COLOR_NAME = AccentColor;
				CODE_SIGN_ENTITLEMENTS = Visual_Fractals/Visual_Fractals.entitlements;
				CODE_SIGN_STYLE = Automatic;
				COMBINE_HIDPI_IMAGES = YES;
				DEVELOPMENT_TEAM = 3QL75UNV78;
				ENABLE_HARDENED_RUNTIME = YES;
				INFOPLIST_FILE = Visual_Fractals/Info.plist;
				LD_RUNPATH_SEARCH_PATHS = (
					"$(inherited)",
					"@executable_path/../Frameworks",
				);
				PRODUCT_BUNDLE_IDENTIFIER = "com.cedriczwahlen.Visual-Fractals";
				PRODUCT_NAME = "$(TARGET_NAME)";
				SWIFT_VERSION = 5.0;
			};
			name = Debug;
		};
		6A4390FC252F62CC000D602C /* Release */ = {
			isa = XCBuildConfiguration;
			buildSettings = {
				ASSETCATALOG_COMPILER_APPICON_NAME = AppIcon;
				ASSETCATALOG_COMPILER_GLOBAL_ACCENT_COLOR_NAME = AccentColor;
				CODE_SIGN_ENTITLEMENTS = Visual_Fractals/Visual_Fractals.entitlements;
				CODE_SIGN_STYLE = Automatic;
				COMBINE_HIDPI_IMAGES = YES;
				DEVELOPMENT_TEAM = 3QL75UNV78;
				ENABLE_HARDENED_RUNTIME = YES;
				INFOPLIST_FILE = Visual_Fractals/Info.plist;
				LD_RUNPATH_SEARCH_PATHS = (
					"$(inherited)",
					"@executable_path/../Frameworks",
				);
				PRODUCT_BUNDLE_IDENTIFIER = "com.cedriczwahlen.Visual-Fractals";
				PRODUCT_NAME = "$(TARGET_NAME)";
				SWIFT_VERSION = 5.0;
			};
			name = Release;
		};
/* End XCBuildConfiguration section */

/* Begin XCConfigurationList section */
		6A4390E5252F62CA000D602C /* Build configuration list for PBXProject "Visual_Fractals" */ = {
			isa = XCConfigurationList;
			buildConfigurations = (
				6A4390F8252F62CC000D602C /* Debug */,
				6A4390F9252F62CC000D602C /* Release */,
			);
			defaultConfigurationIsVisible = 0;
			defaultConfigurationName = Release;
		};
		6A4390FA252F62CC000D602C /* Build configuration list for PBXNativeTarget "Visual_Fractals" */ = {
			isa = XCConfigurationList;
			buildConfigurations = (
				6A4390FB252F62CC000D602C /* Debug */,
				6A4390FC252F62CC000D602C /* Release */,
			);
			defaultConfigurationIsVisible = 0;
			defaultConfigurationName = Release;
		};
/* End XCConfigurationList section */
	};
	rootObject = 6A4390E2252F62CA000D602C /* Project object */;
}
